
Microsoft Visual Studio Solution File, Format Version 12.00
# Visual Studio 15
VisualStudioVersion = 15.0.28307.438
MinimumVisualStudioVersion = 10.0.40219.1
Project("{FAE04EC0-301F-11D3-BF4B-00C04F79EFBC}") = "NorthWindEF.UI", "NorthWindEF.UI\NorthWindEF.UI.csproj", "{01DA3BF2-99DA-446E-B01A-F93DBA251849}"
EndProject
Global
	GlobalSection(SolutionConfigurationPlatforms) = preSolution
		Debug|Any CPU = Debug|Any CPU
		Release|Any CPU = Release|Any CPU
	EndGlobalSection
	GlobalSection(ProjectConfigurationPlatforms) = postSolution
		{01DA3BF2-99DA-446E-B01A-F93DBA251849}.Debug|Any CPU.ActiveCfg = Debug|Any CPU
		{01DA3BF2-99DA-446E-B01A-F93DBA251849}.Debug|Any CPU.Build.0 = Debug|Any CPU
		{01DA3BF2-99DA-446E-B01A-F93DBA251849}.Release|Any CPU.ActiveCfg = Release|Any CPU
		{01DA3BF2-99DA-446E-B01A-F93DBA251849}.Release|Any CPU.Build.0 = Release|Any CPU
	EndGlobalSection
	GlobalSection(SolutionProperties) = preSolution
		HideSolutionNode = FALSE
	EndGlobalSection
	GlobalSection(ExtensibilityGlobals) = postSolution
		SolutionGuid = {EF2FC6AA-A298-4AD2-86F8-BFA36760142D}
	EndGlobalSection
EndGlobal
